
Microsoft Visual Studio Solution File, Format Version 12.00
# Visual Studio Version 17
VisualStudioVersion = 17.1.32228.430
MinimumVisualStudioVersion = 10.0.40219.1
Project("{9A19103F-16F7-4668-BE54-9A1E7A4F7556}") = "HEXEH.WPF", "HEXEH.WPF\HEXEH.WPF.csproj", "{34693105-6F98-4D01-9E17-7ED7017618FA}"
EndProject
Project("{9A19103F-16F7-4668-BE54-9A1E7A4F7556}") = "HEXEH.Core", "HEXEH.Core\HEXEH.Core.csproj", "{CBD15F5C-47F8-4B82-8386-65FEE7FB0B1B}"
EndProject
Project("{9A19103F-16F7-4668-BE54-9A1E7A4F7556}") = "HEXEH.CON", "HEXEH.CON\HEXEH.CON.csproj", "{C2FE870B-7506-4FAE-8FE4-F78EE8ED56EC}"
EndProject
Project("{2150E333-8FDC-42A3-9474-1A3956D46DE8}") = "Solution Items", "Solution Items", "{71DBBBC0-DFBB-4F46-BDBA-CA1E4589E340}"
EndProject
Global
	GlobalSection(SolutionConfigurationPlatforms) = preSolution
		Debug|Any CPU = Debug|Any CPU
		Release|Any CPU = Release|Any CPU
	EndGlobalSection
	GlobalSection(ProjectConfigurationPlatforms) = postSolution
		{34693105-6F98-4D01-9E17-7ED7017618FA}.Debug|Any CPU.ActiveCfg = Debug|Any CPU
		{34693105-6F98-4D01-9E17-7ED7017618FA}.Debug|Any CPU.Build.0 = Debug|Any CPU
		{34693105-6F98-4D01-9E17-7ED7017618FA}.Release|Any CPU.ActiveCfg = Release|Any CPU
		{34693105-6F98-4D01-9E17-7ED7017618FA}.Release|Any CPU.Build.0 = Release|Any CPU
		{CBD15F5C-47F8-4B82-8386-65FEE7FB0B1B}.Debug|Any CPU.ActiveCfg = Debug|Any CPU
		{CBD15F5C-47F8-4B82-8386-65FEE7FB0B1B}.Debug|Any CPU.Build.0 = Debug|Any CPU
		{CBD15F5C-47F8-4B82-8386-65FEE7FB0B1B}.Release|Any CPU.ActiveCfg = Release|Any CPU
		{CBD15F5C-47F8-4B82-8386-65FEE7FB0B1B}.Release|Any CPU.Build.0 = Release|Any CPU
		{C2FE870B-7506-4FAE-8FE4-F78EE8ED56EC}.Debug|Any CPU.ActiveCfg = Debug|Any CPU
		{C2FE870B-7506-4FAE-8FE4-F78EE8ED56EC}.Debug|Any CPU.Build.0 = Debug|Any CPU
		{C2FE870B-7506-4FAE-8FE4-F78EE8ED56EC}.Release|Any CPU.ActiveCfg = Release|Any CPU
		{C2FE870B-7506-4FAE-8FE4-F78EE8ED56EC}.Release|Any CPU.Build.0 = Release|Any CPU
	EndGlobalSection
	GlobalSection(SolutionProperties) = preSolution
		HideSolutionNode = FALSE
	EndGlobalSection
	GlobalSection(ExtensibilityGlobals) = postSolution
		SolutionGuid = {DAD61579-33E0-42CA-9062-9F0CCB7F3665}
	EndGlobalSection
EndGlobal
